
Microsoft Visual Studio Solution File, Format Version 12.00
# Visual Studio 15
Project("{FAE04EC0-301F-11D3-BF4B-00C04F79EFBC}") = "CW.Common", "CW.Common.csproj", "{C0A18979-0E94-0121-0EE6-ED00D00B8532}"
EndProject
Project("{FAE04EC0-301F-11D3-BF4B-00C04F79EFBC}") = "LeanPool", "LeanPool.csproj", "{B8D135EF-AE8C-F57E-07F3-9FD75502F329}"
EndProject
Project("{FAE04EC0-301F-11D3-BF4B-00C04F79EFBC}") = "Assembly-CSharp", "Assembly-CSharp.csproj", "{880909AF-4EF2-4DC7-7241-E87E5F90A8B9}"
EndProject
Project("{FAE04EC0-301F-11D3-BF4B-00C04F79EFBC}") = "LeanCommon", "LeanCommon.csproj", "{EA80FB1B-EE0E-BFC4-B106-94B078821EBB}"
EndProject
Project("{FAE04EC0-301F-11D3-BF4B-00C04F79EFBC}") = "Assembly-CSharp-firstpass", "Assembly-CSharp-firstpass.csproj", "{6D414B62-1276-FA5C-53E4-D5DC998E5C6A}"
EndProject
Global
	GlobalSection(SolutionConfigurationPlatforms) = preSolution
		Debug|Any CPU = Debug|Any CPU
		Release|Any CPU = Release|Any CPU
	EndGlobalSection
	GlobalSection(ProjectConfigurationPlatforms) = postSolution
		{C0A18979-0E94-0121-0EE6-ED00D00B8532}.Debug|Any CPU.ActiveCfg = Debug|Any CPU
		{C0A18979-0E94-0121-0EE6-ED00D00B8532}.Debug|Any CPU.Build.0 = Debug|Any CPU
		{C0A18979-0E94-0121-0EE6-ED00D00B8532}.Release|Any CPU.ActiveCfg = Release|Any CPU
		{C0A18979-0E94-0121-0EE6-ED00D00B8532}.Release|Any CPU.Build.0 = Release|Any CPU
		{B8D135EF-AE8C-F57E-07F3-9FD75502F329}.Debug|Any CPU.ActiveCfg = Debug|Any CPU
		{B8D135EF-AE8C-F57E-07F3-9FD75502F329}.Debug|Any CPU.Build.0 = Debug|Any CPU
		{B8D135EF-AE8C-F57E-07F3-9FD75502F329}.Release|Any CPU.ActiveCfg = Release|Any CPU
		{B8D135EF-AE8C-F57E-07F3-9FD75502F329}.Release|Any CPU.Build.0 = Release|Any CPU
		{880909AF-4EF2-4DC7-7241-E87E5F90A8B9}.Debug|Any CPU.ActiveCfg = Debug|Any CPU
		{880909AF-4EF2-4DC7-7241-E87E5F90A8B9}.Debug|Any CPU.Build.0 = Debug|Any CPU
		{880909AF-4EF2-4DC7-7241-E87E5F90A8B9}.Release|Any CPU.ActiveCfg = Release|Any CPU
		{880909AF-4EF2-4DC7-7241-E87E5F90A8B9}.Release|Any CPU.Build.0 = Release|Any CPU
		{EA80FB1B-EE0E-BFC4-B106-94B078821EBB}.Debug|Any CPU.ActiveCfg = Debug|Any CPU
		{EA80FB1B-EE0E-BFC4-B106-94B078821EBB}.Debug|Any CPU.Build.0 = Debug|Any CPU
		{EA80FB1B-EE0E-BFC4-B106-94B078821EBB}.Release|Any CPU.ActiveCfg = Release|Any CPU
		{EA80FB1B-EE0E-BFC4-B106-94B078821EBB}.Release|Any CPU.Build.0 = Release|Any CPU
		{6D414B62-1276-FA5C-53E4-D5DC998E5C6A}.Debug|Any CPU.ActiveCfg = Debug|Any CPU
		{6D414B62-1276-FA5C-53E4-D5DC998E5C6A}.Debug|Any CPU.Build.0 = Debug|Any CPU
		{6D414B62-1276-FA5C-53E4-D5DC998E5C6A}.Release|Any CPU.ActiveCfg = Release|Any CPU
		{6D414B62-1276-FA5C-53E4-D5DC998E5C6A}.Release|Any CPU.Build.0 = Release|Any CPU
	EndGlobalSection
	GlobalSection(SolutionProperties) = preSolution
		HideSolutionNode = FALSE
	EndGlobalSection
EndGlobal
